// !$*UTF8*$!
{
	archiveVersion = 1;
	classes = {
	};
	objectVersion = 50;
	objects = {

/* Begin PBXBuildFile section */
		434653342608D4FF00AFF53A /* iOS_Hw2_2App.swift in Sources */ = {isa = PBXBuildFile; fileRef = 434653332608D4FF00AFF53A /* iOS_Hw2_2App.swift */; };
		434653362608D4FF00AFF53A /* ContentView.swift in Sources */ = {isa = PBXBuildFile; fileRef = 434653352608D4FF00AFF53A /* ContentView.swift */; };
		434653382608D50200AFF53A /* Assets.xcassets in Resources */ = {isa = PBXBuildFile; fileRef = 434653372608D50200AFF53A /* Assets.xcassets */; };
		4346533B2608D50200AFF53A /* Preview Assets.xcassets in Resources */ = {isa = PBXBuildFile; fileRef = 4346533A2608D50200AFF53A /* Preview Assets.xcassets */; };
		434653442608D5AE00AFF53A /* SwiftUIView.swift in Sources */ = {isa = PBXBuildFile; fileRef = 434653432608D5AE00AFF53A /* SwiftUIView.swift */; };
		4346534D2608FF5E00AFF53A /* loseGameView.swift in Sources */ = {isa = PBXBuildFile; fileRef = 4346534C2608FF5E00AFF53A /* loseGameView.swift */; };
		434653502608FF6F00AFF53A /* winGameView.swift in Sources */ = {isa = PBXBuildFile; fileRef = 4346534F2608FF6F00AFF53A /* winGameView.swift */; };
		43465353260907F200AFF53A /* ContentView2.swift in Sources */ = {isa = PBXBuildFile; fileRef = 43465352260907F200AFF53A /* ContentView2.swift */; };
		4346535A260992BF00AFF53A /* bankruptcyView.swift in Sources */ = {isa = PBXBuildFile; fileRef = 43465359260992BF00AFF53A /* bankruptcyView.swift */; };
		4346536026099E7E00AFF53A /* PuiPui.mp3 in Resources */ = {isa = PBXBuildFile; fileRef = 4346535F26099E7E00AFF53A /* PuiPui.mp3 */; };
/* End PBXBuildFile section */

/* Begin PBXFileReference section */
		434653302608D4FF00AFF53A /* iOS_Hw2_2.app */ = {isa = PBXFileReference; explicitFileType = wrapper.application; includeInIndex = 0; path = iOS_Hw2_2.app; sourceTree = BUILT_PRODUCTS_DIR; };
		434653332608D4FF00AFF53A /* iOS_Hw2_2App.swift */ = {isa = PBXFileReference; lastKnownFileType = sourcecode.swift; path = iOS_Hw2_2App.swift; sourceTree = "<group>"; };
		434653352608D4FF00AFF53A /* ContentView.swift */ = {isa = PBXFileReference; lastKnownFileType = sourcecode.swift; path = ContentView.swift; sourceTree = "<group>"; };
		434653372608D50200AFF53A /* Assets.xcassets */ = {isa = PBXFileReference; lastKnownFileType = folder.assetcatalog; path = Assets.xcassets; sourceTree = "<group>"; };
		4346533A2608D50200AFF53A /* Preview Assets.xcassets */ = {isa = PBXFileReference; lastKnownFileType = folder.assetcatalog; path = "Preview Assets.xcassets"; sourceTree = "<group>"; };
		4346533C2608D50200AFF53A /* Info.plist */ = {isa = PBXFileReference; lastKnownFileType = text.plist.xml; path = Info.plist; sourceTree = "<group>"; };
		434653432608D5AE00AFF53A /* SwiftUIView.swift */ = {isa = PBXFileReference; lastKnownFileType = sourcecode.swift; path = SwiftUIView.swift; sourceTree = "<group>"; };
		4346534C2608FF5E00AFF53A /* loseGameView.swift */ = {isa = PBXFileReference; lastKnownFileType = sourcecode.swift; path = loseGameView.swift; sourceTree = "<group>"; };
		4346534F2608FF6F00AFF53A /* winGameView.swift */ = {isa = PBXFileReference; lastKnownFileType = sourcecode.swift; path = winGameView.swift; sourceTree = "<group>"; };
		43465352260907F200AFF53A /* ContentView2.swift */ = {isa = PBXFileReference; lastKnownFileType = sourcecode.swift; path = ContentView2.swift; sourceTree = "<group>"; };
		43465359260992BF00AFF53A /* bankruptcyView.swift */ = {isa = PBXFileReference; lastKnownFileType = sourcecode.swift; path = bankruptcyView.swift; sourceTree = "<group>"; };
		4346535F26099E7E00AFF53A /* PuiPui.mp3 */ = {isa = PBXFileReference; lastKnownFileType = audio.mp3; path = PuiPui.mp3; sourceTree = "<group>"; };
/* End PBXFileReference section */

/* Begin PBXFrameworksBuildPhase section */
		4346532D2608D4FF00AFF53A /* Frameworks */ = {
			isa = PBXFrameworksBuildPhase;
			buildActionMask = 2147483647;
			files = (
			);
			runOnlyForDeploymentPostprocessing = 0;
		};
/* End PBXFrameworksBuildPhase section */

/* Begin PBXGroup section */
		434653272608D4FF00AFF53A = {
			isa = PBXGroup;
			children = (
				434653322608D4FF00AFF53A /* ghost-card-drawing */,
				434653312608D4FF00AFF53A /* Products */,
			);
			sourceTree = "<group>";
		};
		434653312608D4FF00AFF53A /* Products */ = {
			isa = PBXGroup;
			children = (
				434653302608D4FF00AFF53A /* iOS_Hw2_2.app */,
			);
			name = Products;
			sourceTree = "<group>";
		};
		434653322608D4FF00AFF53A /* ghost-card-drawing */ = {
			isa = PBXGroup;
			children = (
				434653332608D4FF00AFF53A /* iOS_Hw2_2App.swift */,
				434653352608D4FF00AFF53A /* ContentView.swift */,
				43465352260907F200AFF53A /* ContentView2.swift */,
				43465359260992BF00AFF53A /* bankruptcyView.swift */,
				4346534C2608FF5E00AFF53A /* loseGameView.swift */,
				4346535F26099E7E00AFF53A /* PuiPui.mp3 */,
				4346534F2608FF6F00AFF53A /* winGameView.swift */,
				434653432608D5AE00AFF53A /* SwiftUIView.swift */,
				434653372608D50200AFF53A /* Assets.xcassets */,
				4346533C2608D50200AFF53A /* Info.plist */,
				434653392608D50200AFF53A /* Preview Content */,
			);
			path = "ghost-card-drawing";
			sourceTree = "<group>";
		};
		434653392608D50200AFF53A /* Preview Content */ = {
			isa = PBXGroup;
			children = (
				4346533A2608D50200AFF53A /* Preview Assets.xcassets */,
			);
			path = "Preview Content";
			sourceTree = "<group>";
		};
/* End PBXGroup section */

/* Begin PBXNativeTarget section */
		4346532F2608D4FF00AFF53A /* iOS_Hw2_2 */ = {
			isa = PBXNativeTarget;
			buildConfigurationList = 4346533F2608D50200AFF53A /* Build configuration list for PBXNativeTarget "iOS_Hw2_2" */;
			buildPhases = (
				4346532C2608D4FF00AFF53A /* Sources */,
				4346532D2608D4FF00AFF53A /* Frameworks */,
				4346532E2608D4FF00AFF53A /* Resources */,
			);
			buildRules = (
			);
			dependencies = (
			);
			name = iOS_Hw2_2;
			productName = iOS_Hw2_2;
			productReference = 434653302608D4FF00AFF53A /* iOS_Hw2_2.app */;
			productType = "com.apple.product-type.application";
		};
/* End PBXNativeTarget section */

/* Begin PBXProject section */
		434653282608D4FF00AFF53A /* Project object */ = {
			isa = PBXProject;
			attributes = {
				LastSwiftUpdateCheck = 1240;
				LastUpgradeCheck = 1240;
				TargetAttributes = {
					4346532F2608D4FF00AFF53A = {
						CreatedOnToolsVersion = 12.4;
					};
				};
			};
			buildConfigurationList = 4346532B2608D4FF00AFF53A /* Build configuration list for PBXProject "ghost-card-drawing" */;
			compatibilityVersion = "Xcode 9.3";
			developmentRegion = en;
			hasScannedForEncodings = 0;
			knownRegions = (
				en,
				Base,
			);
			mainGroup = 434653272608D4FF00AFF53A;
			productRefGroup = 434653312608D4FF00AFF53A /* Products */;
			projectDirPath = "";
			projectRoot = "";
			targets = (
				4346532F2608D4FF00AFF53A /* iOS_Hw2_2 */,
			);
		};
/* End PBXProject section */

/* Begin PBXResourcesBuildPhase section */
		4346532E2608D4FF00AFF53A /* Resources */ = {
			isa = PBXResourcesBuildPhase;
			buildActionMask = 2147483647;
			files = (
				4346536026099E7E00AFF53A /* PuiPui.mp3 in Resources */,
				4346533B2608D50200AFF53A /* Preview Assets.xcassets in Resources */,
				434653382608D50200AFF53A /* Assets.xcassets in Resources */,
			);
			runOnlyForDeploymentPostprocessing = 0;
		};
/* End PBXResourcesBuildPhase section */

/* Begin PBXSourcesBuildPhase section */
		4346532C2608D4FF00AFF53A /* Sources */ = {
			isa = PBXSourcesBuildPhase;
			buildActionMask = 2147483647;
			files = (
				434653362608D4FF00AFF53A /* ContentView.swift in Sources */,
				434653502608FF6F00AFF53A /* winGameView.swift in Sources */,
				434653342608D4FF00AFF53A /* iOS_Hw2_2App.swift in Sources */,
				4346535A260992BF00AFF53A /* bankruptcyView.swift in Sources */,
				43465353260907F200AFF53A /* ContentView2.swift in Sources */,
				434653442608D5AE00AFF53A /* SwiftUIView.swift in Sources */,
				4346534D2608FF5E00AFF53A /* loseGameView.swift in Sources */,
			);
			runOnlyForDeploymentPostprocessing = 0;
		};
/* End PBXSourcesBuildPhase section */

/* Begin XCBuildConfiguration section */
		4346533D2608D50200AFF53A /* Debug */ = {
			isa = XCBuildConfiguration;
			buildSettings = {
				ALWAYS_SEARCH_USER_PATHS = NO;
				CLANG_ANALYZER_NONNULL = YES;
				CLANG_ANALYZER_NUMBER_OBJECT_CONVERSION = YES_AGGRESSIVE;
				CLANG_CXX_LANGUAGE_STANDARD = "gnu++14";
				CLANG_CXX_LIBRARY = "libc++";
				CLANG_ENABLE_MODULES = YES;
				CLANG_ENABLE_OBJC_ARC = YES;
				CLANG_ENABLE_OBJC_WEAK = YES;
				CLANG_WARN_BLOCK_CAPTURE_AUTORELEASING = YES;
				CLANG_WARN_BOOL_CONVERSION = YES;
				CLANG_WARN_COMMA = YES;
				CLANG_WARN_CONSTANT_CONVERSION = YES;
				CLANG_WARN_DEPRECATED_OBJC_IMPLEMENTATIONS = YES;
				CLANG_WARN_DIRECT_OBJC_ISA_USAGE = YES_ERROR;
				CLANG_WARN_DOCUMENTATION_COMMENTS = YES;
				CLANG_WARN_EMPTY_BODY = YES;
				CLANG_WARN_ENUM_CONVERSION = YES;
				CLANG_WARN_INFINITE_RECURSION = YES;
				CLANG_WARN_INT_CONVERSION = YES;
				CLANG_WARN_NON_LITERAL_NULL_CONVERSION = YES;
				CLANG_WARN_OBJC_IMPLICIT_RETAIN_SELF = YES;
				CLANG_WARN_OBJC_LITERAL_CONVERSION = YES;
				CLANG_WARN_OBJC_ROOT_CLASS = YES_ERROR;
				CLANG_WARN_QUOTED_INCLUDE_IN_FRAMEWORK_HEADER = YES;
				CLANG_WARN_RANGE_LOOP_ANALYSIS = YES;
				CLANG_WARN_STRICT_PROTOTYPES = YES;
				CLANG_WARN_SUSPICIOUS_MOVE = YES;
				CLANG_WARN_UNGUARDED_AVAILABILITY = YES_AGGRESSIVE;
				CLANG_WARN_UNREACHABLE_CODE = YES;
				CLANG_WARN__DUPLICATE_METHOD_MATCH = YES;
				COPY_PHASE_STRIP = NO;
				DEBUG_INFORMATION_FORMAT = dwarf;
				ENABLE_STRICT_OBJC_MSGSEND = YES;
				ENABLE_TESTABILITY = YES;
				GCC_C_LANGUAGE_STANDARD = gnu11;
				GCC_DYNAMIC_NO_PIC = NO;
				GCC_NO_COMMON_BLOCKS = YES;
				GCC_OPTIMIZATION_LEVEL = 0;
				GCC_PREPROCESSOR_DEFINITIONS = (
					"DEBUG=1",
					"$(inherited)",
				);
				GCC_WARN_64_TO_32_BIT_CONVERSION = YES;
				GCC_WARN_ABOUT_RETURN_TYPE = YES_ERROR;
				GCC_WARN_UNDECLARED_SELECTOR = YES;
				GCC_WARN_UNINITIALIZED_AUTOS = YES_AGGRESSIVE;
				GCC_WARN_UNUSED_FUNCTION = YES;
				GCC_WARN_UNUSED_VARIABLE = YES;
				IPHONEOS_DEPLOYMENT_TARGET = 14.4;
				MTL_ENABLE_DEBUG_INFO = INCLUDE_SOURCE;
				MTL_FAST_MATH = YES;
				ONLY_ACTIVE_ARCH = YES;
				SDKROOT = iphoneos;
				SWIFT_ACTIVE_COMPILATION_CONDITIONS = DEBUG;
				SWIFT_OPTIMIZATION_LEVEL = "-Onone";
			};
			name = Debug;
		};
		4346533E2608D50200AFF53A /* Release */ = {
			isa = XCBuildConfiguration;
			buildSettings = {
				ALWAYS_SEARCH_USER_PATHS = NO;
				CLANG_ANALYZER_NONNULL = YES;
				CLANG_ANALYZER_NUMBER_OBJECT_CONVERSION = YES_AGGRESSIVE;
				CLANG_CXX_LANGUAGE_STANDARD = "gnu++14";
				CLANG_CXX_LIBRARY = "libc++";
				CLANG_ENABLE_MODULES = YES;
				CLANG_ENABLE_OBJC_ARC = YES;
				CLANG_ENABLE_OBJC_WEAK = YES;
				CLANG_WARN_BLOCK_CAPTURE_AUTORELEASING = YES;
				CLANG_WARN_BOOL_CONVERSION = YES;
				CLANG_WARN_COMMA = YES;
				CLANG_WARN_CONSTANT_CONVERSION = YES;
				CLANG_WARN_DEPRECATED_OBJC_IMPLEMENTATIONS = YES;
				CLANG_WARN_DIRECT_OBJC_ISA_USAGE = YES_ERROR;
				CLANG_WARN_DOCUMENTATION_COMMENTS = YES;
				CLANG_WARN_EMPTY_BODY = YES;
				CLANG_WARN_ENUM_CONVERSION = YES;
				CLANG_WARN_INFINITE_RECURSION = YES;
				CLANG_WARN_INT_CONVERSION = YES;
				CLANG_WARN_NON_LITERAL_NULL_CONVERSION = YES;
				CLANG_WARN_OBJC_IMPLICIT_RETAIN_SELF = YES;
				CLANG_WARN_OBJC_LITERAL_CONVERSION = YES;
				CLANG_WARN_OBJC_ROOT_CLASS = YES_ERROR;
				CLANG_WARN_QUOTED_INCLUDE_IN_FRAMEWORK_HEADER = YES;
				CLANG_WARN_RANGE_LOOP_ANALYSIS = YES;
				CLANG_WARN_STRICT_PROTOTYPES = YES;
				CLANG_WARN_SUSPICIOUS_MOVE = YES;
				CLANG_WARN_UNGUARDED_AVAILABILITY = YES_AGGRESSIVE;
				CLANG_WARN_UNREACHABLE_CODE = YES;
				CLANG_WARN__DUPLICATE_METHOD_MATCH = YES;
				COPY_PHASE_STRIP = NO;
				DEBUG_INFORMATION_FORMAT = "dwarf-with-dsym";
				ENABLE_NS_ASSERTIONS = NO;
				ENABLE_STRICT_OBJC_MSGSEND = YES;
				GCC_C_LANGUAGE_STANDARD = gnu11;
				GCC_NO_COMMON_BLOCKS = YES;
				GCC_WARN_64_TO_32_BIT_CONVERSION = YES;
				GCC_WARN_ABOUT_RETURN_TYPE = YES_ERROR;
				GCC_WARN_UNDECLARED_SELECTOR = YES;
				GCC_WARN_UNINITIALIZED_AUTOS = YES_AGGRESSIVE;
				GCC_WARN_UNUSED_FUNCTION = YES;
				GCC_WARN_UNUSED_VARIABLE = YES;
				IPHONEOS_DEPLOYMENT_TARGET = 14.4;
				MTL_ENABLE_DEBUG_INFO = NO;
				MTL_FAST_MATH = YES;
				SDKROOT = iphoneos;
				SWIFT_COMPILATION_MODE = wholemodule;
				SWIFT_OPTIMIZATION_LEVEL = "-O";
				VALIDATE_PRODUCT = YES;
			};
			name = Release;
		};
		434653402608D50200AFF53A /* Debug */ = {
			isa = XCBuildConfiguration;
			buildSettings = {
				ASSETCATALOG_COMPILER_APPICON_NAME = AppIcon;
				ASSETCATALOG_COMPILER_GLOBAL_ACCENT_COLOR_NAME = AccentColor;
				CODE_SIGN_STYLE = Automatic;
				DEVELOPMENT_ASSET_PATHS = "\"ghost-card-drawing/Preview Content\"";
				DEVELOPMENT_TEAM = J886232PB6;
				ENABLE_PREVIEWS = YES;
				INFOPLIST_FILE = "ghost-card-drawing/Info.plist";
				IPHONEOS_DEPLOYMENT_TARGET = 14.0;
				LD_RUNPATH_SEARCH_PATHS = (
					"$(inherited)",
					"@executable_path/Frameworks",
				);
				PRODUCT_BUNDLE_IDENTIFIER = "-.iOS-Hw2-2";
				PRODUCT_NAME = "$(TARGET_NAME)";
				SWIFT_VERSION = 5.0;
				TARGETED_DEVICE_FAMILY = "1,2";
			};
			name = Debug;
		};
		434653412608D50200AFF53A /* Release */ = {
			isa = XCBuildConfiguration;
			buildSettings = {
				ASSETCATALOG_COMPILER_APPICON_NAME = AppIcon;
				ASSETCATALOG_COMPILER_GLOBAL_ACCENT_COLOR_NAME = AccentColor;
				CODE_SIGN_STYLE = Automatic;
				DEVELOPMENT_ASSET_PATHS = "\"ghost-card-drawing/Preview Content\"";
				DEVELOPMENT_TEAM = J886232PB6;
				ENABLE_PREVIEWS = YES;
				INFOPLIST_FILE = "ghost-card-drawing/Info.plist";
				IPHONEOS_DEPLOYMENT_TARGET = 14.0;
				LD_RUNPATH_SEARCH_PATHS = (
					"$(inherited)",
					"@executable_path/Frameworks",
				);
				PRODUCT_BUNDLE_IDENTIFIER = "-.iOS-Hw2-2";
				PRODUCT_NAME = "$(TARGET_NAME)";
				SWIFT_VERSION = 5.0;
				TARGETED_DEVICE_FAMILY = "1,2";
			};
			name = Release;
		};
/* End XCBuildConfiguration section */

/* Begin XCConfigurationList section */
		4346532B2608D4FF00AFF53A /* Build configuration list for PBXProject "ghost-card-drawing" */ = {
			isa = XCConfigurationList;
			buildConfigurations = (
				4346533D2608D50200AFF53A /* Debug */,
				4346533E2608D50200AFF53A /* Release */,
			);
			defaultConfigurationIsVisible = 0;
			defaultConfigurationName = Release;
		};
		4346533F2608D50200AFF53A /* Build configuration list for PBXNativeTarget "iOS_Hw2_2" */ = {
			isa = XCConfigurationList;
			buildConfigurations = (
				434653402608D50200AFF53A /* Debug */,
				434653412608D50200AFF53A /* Release */,
			);
			defaultConfigurationIsVisible = 0;
			defaultConfigurationName = Release;
		};
/* End XCConfigurationList section */
	};
	rootObject = 434653282608D4FF00AFF53A /* Project object */;
}
